// !$*UTF8*$!
{
	archiveVersion = 1;
	classes = {
	};
	objectVersion = 77;
	objects = {

/* Begin PBXBuildFile section */
		1A00000000000000000014 /* SarfCore in Frameworks */ = {isa = PBXBuildFile; productRef = 1A00000000000000000012 /* SarfCore */; };
		1A00000000000000000015 /* SarfQuiz in Frameworks */ = {isa = PBXBuildFile; productRef = 1A00000000000000000013 /* SarfQuiz */; };
/* End PBXBuildFile section */

/* Begin PBXFileReference section */
		1A00000000000000000005 /* Awzan.app */ = {isa = PBXFileReference; explicitFileType = wrapper.application; includeInIndex = 0; path = Awzan.app; sourceTree = BUILT_PRODUCTS_DIR; };
/* End PBXFileReference section */

/* Begin PBXFileSystemSynchronizedBuildFileExceptionSet section */
		1A00000000000000000020 /* Exceptions for "Awzan" folder in "Awzan" target */ = {
			isa = PBXFileSystemSynchronizedBuildFileExceptionSet;
			membershipExceptions = (
				Resources/Info.plist,
				Resources/Fonts/README.md,
			);
			target = 1A00000000000000000004 /* Awzan */;
		};
/* End PBXFileSystemSynchronizedBuildFileExceptionSet section */

/* Begin PBXFileSystemSynchronizedRootGroup section */
		1A00000000000000000006 /* Awzan */ = {
			isa = PBXFileSystemSynchronizedRootGroup;
			exceptions = (
				1A00000000000000000020 /* Exceptions for "Awzan" folder in "Awzan" target */,
			);
			path = Awzan;
			sourceTree = "<group>";
		};
/* End PBXFileSystemSynchronizedRootGroup section */

/* Begin PBXFrameworksBuildPhase section */
		1A00000000000000000008 /* Frameworks */ = {
			isa = PBXFrameworksBuildPhase;
			buildActionMask = 2147483647;
			files = (
				1A00000000000000000014 /* SarfCore in Frameworks */,
				1A00000000000000000015 /* SarfQuiz in Frameworks */,
			);
			runOnlyForDeploymentPostprocessing = 0;
		};
/* End PBXFrameworksBuildPhase section */

/* Begin PBXGroup section */
		1A00000000000000000002 = {
			isa = PBXGroup;
			children = (
				1A00000000000000000006 /* Awzan */,
				1A00000000000000000003 /* Products */,
			);
			sourceTree = "<group>";
		};
		1A00000000000000000003 /* Products */ = {
			isa = PBXGroup;
			children = (
				1A00000000000000000005 /* Awzan.app */,
			);
			name = Products;
			sourceTree = "<group>";
		};
/* End PBXGroup section */

/* Begin PBXNativeTarget section */
		1A00000000000000000004 /* Awzan */ = {
			isa = PBXNativeTarget;
			buildConfigurationList = 1A0000000000000000000B /* Build configuration list for PBXNativeTarget "Awzan" */;
			buildPhases = (
				1A00000000000000000007 /* Sources */,
				1A00000000000000000008 /* Frameworks */,
				1A00000000000000000009 /* Resources */,
			);
			buildRules = (
			);
			dependencies = (
			);
			fileSystemSynchronizedGroups = (
				1A00000000000000000006 /* Awzan */,
			);
			name = Awzan;
			packageProductDependencies = (
				1A00000000000000000012 /* SarfCore */,
				1A00000000000000000013 /* SarfQuiz */,
			);
			productName = Awzan;
			productReference = 1A00000000000000000005 /* Awzan.app */;
			productType = "com.apple.product-type.application";
		};
/* End PBXNativeTarget section */

/* Begin PBXProject section */
		1A00000000000000000001 /* Project object */ = {
			isa = PBXProject;
			attributes = {
				BuildIndependentTargetsInParallel = 1;
				LastSwiftUpdateCheck = 2660;
				LastUpgradeCheck = 2660;
				TargetAttributes = {
					1A00000000000000000004 = {
						CreatedOnToolsVersion = 26.6;
					};
				};
			};
			buildConfigurationList = 1A0000000000000000000A /* Build configuration list for PBXProject "Awzan" */;
			developmentRegion = en;
			hasScannedForEncodings = 0;
			knownRegions = (
				en,
				Base,
			);
			mainGroup = 1A00000000000000000002;
			minimizedProjectReferenceProxies = 1;
			packageReferences = (
				1A00000000000000000010 /* XCLocalSwiftPackageReference "Packages/SarfCore" */,
				1A00000000000000000011 /* XCLocalSwiftPackageReference "Packages/SarfQuiz" */,
			);
			preferredProjectObjectVersion = 77;
			productRefGroup = 1A00000000000000000003 /* Products */;
			projectDirPath = "";
			projectRoot = "";
			targets = (
				1A00000000000000000004 /* Awzan */,
			);
		};
/* End PBXProject section */

/* Begin PBXResourcesBuildPhase section */
		1A00000000000000000009 /* Resources */ = {
			isa = PBXResourcesBuildPhase;
			buildActionMask = 2147483647;
			files = (
			);
			runOnlyForDeploymentPostprocessing = 0;
		};
/* End PBXResourcesBuildPhase section */

/* Begin PBXSourcesBuildPhase section */
		1A00000000000000000007 /* Sources */ = {
			isa = PBXSourcesBuildPhase;
			buildActionMask = 2147483647;
			files = (
			);
			runOnlyForDeploymentPostprocessing = 0;
		};
/* End PBXSourcesBuildPhase section */

/* Begin XCBuildConfiguration section */
		1A0000000000000000000C /* Debug */ = {
			isa = XCBuildConfiguration;
			buildSettings = {
				ALWAYS_SEARCH_USER_PATHS = NO;
				ASSETCATALOG_COMPILER_GENERATE_SWIFT_ASSET_SYMBOL_EXTENSIONS = YES;
				CLANG_ENABLE_MODULES = YES;
				CLANG_ENABLE_OBJC_ARC = YES;
				COPY_PHASE_STRIP = NO;
				DEBUG_INFORMATION_FORMAT = dwarf;
				ENABLE_STRICT_OBJC_MSGSEND = YES;
				ENABLE_TESTABILITY = YES;
				ENABLE_USER_SCRIPT_SANDBOXING = YES;
				GCC_C_LANGUAGE_STANDARD = gnu17;
				GCC_OPTIMIZATION_LEVEL = 0;
				GCC_PREPROCESSOR_DEFINITIONS = (
					"DEBUG=1",
					"$(inherited)",
				);
				IPHONEOS_DEPLOYMENT_TARGET = 18.0;
				MTL_ENABLE_DEBUG_INFO = INCLUDE_SOURCE;
				ONLY_ACTIVE_ARCH = YES;
				SDKROOT = iphoneos;
				SUPPORTED_PLATFORMS = "iphoneos iphonesimulator";
				SWIFT_ACTIVE_COMPILATION_CONDITIONS = "DEBUG $(inherited)";
				SWIFT_OPTIMIZATION_LEVEL = "-Onone";
				SWIFT_VERSION = 6.0;
			};
			name = Debug;
		};
		1A0000000000000000000D /* Release */ = {
			isa = XCBuildConfiguration;
			buildSettings = {
				ALWAYS_SEARCH_USER_PATHS = NO;
				ASSETCATALOG_COMPILER_GENERATE_SWIFT_ASSET_SYMBOL_EXTENSIONS = YES;
				CLANG_ENABLE_MODULES = YES;
				CLANG_ENABLE_OBJC_ARC = YES;
				COPY_PHASE_STRIP = NO;
				DEBUG_INFORMATION_FORMAT = "dwarf-with-dsym";
				ENABLE_NS_ASSERTIONS = NO;
				ENABLE_STRICT_OBJC_MSGSEND = YES;
				ENABLE_USER_SCRIPT_SANDBOXING = YES;
				GCC_C_LANGUAGE_STANDARD = gnu17;
				IPHONEOS_DEPLOYMENT_TARGET = 18.0;
				MTL_ENABLE_DEBUG_INFO = NO;
				SDKROOT = iphoneos;
				SUPPORTED_PLATFORMS = "iphoneos iphonesimulator";
				SWIFT_COMPILATION_MODE = wholemodule;
				SWIFT_VERSION = 6.0;
				VALIDATE_PRODUCT = YES;
			};
			name = Release;
		};
		1A0000000000000000000E /* Debug */ = {
			isa = XCBuildConfiguration;
			buildSettings = {
				ASSETCATALOG_COMPILER_GLOBAL_ACCENT_COLOR_NAME = select;
				CODE_SIGN_STYLE = Automatic;
				CURRENT_PROJECT_VERSION = 1;
				DEVELOPMENT_ASSET_PATHS = "";
				ENABLE_PREVIEWS = YES;
				GENERATE_INFOPLIST_FILE = YES;
				INFOPLIST_FILE = Awzan/Resources/Info.plist;
				INFOPLIST_KEY_CFBundleDisplayName = Awzan;
				INFOPLIST_KEY_UIStatusBarStyle = UIStatusBarStyleDefault;
				LD_RUNPATH_SEARCH_PATHS = (
					"$(inherited)",
					"@executable_path/Frameworks",
				);
				MARKETING_VERSION = 0.1;
				PRODUCT_BUNDLE_IDENTIFIER = com.awzan.Awzan;
				PRODUCT_NAME = "$(TARGET_NAME)";
				SWIFT_EMIT_LOC_STRINGS = YES;
				TARGETED_DEVICE_FAMILY = 1;
			};
			name = Debug;
		};
		1A0000000000000000000F /* Release */ = {
			isa = XCBuildConfiguration;
			buildSettings = {
				ASSETCATALOG_COMPILER_GLOBAL_ACCENT_COLOR_NAME = select;
				CODE_SIGN_STYLE = Automatic;
				CURRENT_PROJECT_VERSION = 1;
				DEVELOPMENT_ASSET_PATHS = "";
				ENABLE_PREVIEWS = YES;
				GENERATE_INFOPLIST_FILE = YES;
				INFOPLIST_FILE = Awzan/Resources/Info.plist;
				INFOPLIST_KEY_CFBundleDisplayName = Awzan;
				INFOPLIST_KEY_UIStatusBarStyle = UIStatusBarStyleDefault;
				LD_RUNPATH_SEARCH_PATHS = (
					"$(inherited)",
					"@executable_path/Frameworks",
				);
				MARKETING_VERSION = 0.1;
				PRODUCT_BUNDLE_IDENTIFIER = com.awzan.Awzan;
				PRODUCT_NAME = "$(TARGET_NAME)";
				SWIFT_EMIT_LOC_STRINGS = YES;
				TARGETED_DEVICE_FAMILY = 1;
			};
			name = Release;
		};
/* End XCBuildConfiguration section */

/* Begin XCConfigurationList section */
		1A0000000000000000000A /* Build configuration list for PBXProject "Awzan" */ = {
			isa = XCConfigurationList;
			buildConfigurations = (
				1A0000000000000000000C /* Debug */,
				1A0000000000000000000D /* Release */,
			);
			defaultConfigurationIsVisible = 0;
			defaultConfigurationName = Release;
		};
		1A0000000000000000000B /* Build configuration list for PBXNativeTarget "Awzan" */ = {
			isa = XCConfigurationList;
			buildConfigurations = (
				1A0000000000000000000E /* Debug */,
				1A0000000000000000000F /* Release */,
			);
			defaultConfigurationIsVisible = 0;
			defaultConfigurationName = Release;
		};
/* End XCConfigurationList section */

/* Begin XCLocalSwiftPackageReference section */
		1A00000000000000000010 /* XCLocalSwiftPackageReference "Packages/SarfCore" */ = {
			isa = XCLocalSwiftPackageReference;
			relativePath = Packages/SarfCore;
		};
		1A00000000000000000011 /* XCLocalSwiftPackageReference "Packages/SarfQuiz" */ = {
			isa = XCLocalSwiftPackageReference;
			relativePath = Packages/SarfQuiz;
		};
/* End XCLocalSwiftPackageReference section */

/* Begin XCSwiftPackageProductDependency section */
		1A00000000000000000012 /* SarfCore */ = {
			isa = XCSwiftPackageProductDependency;
			productName = SarfCore;
		};
		1A00000000000000000013 /* SarfQuiz */ = {
			isa = XCSwiftPackageProductDependency;
			productName = SarfQuiz;
		};
/* End XCSwiftPackageProductDependency section */
	};
	rootObject = 1A00000000000000000001 /* Project object */;
}
